
Microsoft Visual Studio Solution File, Format Version 12.00
# Visual Studio Version 17
VisualStudioVersion = 17.2.32616.157
MinimumVisualStudioVersion = 10.0.40219.1
Project("{FAE04EC0-301F-11D3-BF4B-00C04F79EFBC}") = "AmbientacaoWindowsForms.SistemaSOE", "AmbientacaoWindowsForms.SistemaSOE\AmbientacaoWindowsForms.SistemaSOE.csproj", "{D2C798A0-5805-4968-82E5-26DD2B49C34B}"
EndProject
Global
	GlobalSection(SolutionConfigurationPlatforms) = preSolution
		Debug|Any CPU = Debug|Any CPU
		Release|Any CPU = Release|Any CPU
	EndGlobalSection
	GlobalSection(ProjectConfigurationPlatforms) = postSolution
		{D2C798A0-5805-4968-82E5-26DD2B49C34B}.Debug|Any CPU.ActiveCfg = Debug|Any CPU
		{D2C798A0-5805-4968-82E5-26DD2B49C34B}.Debug|Any CPU.Build.0 = Debug|Any CPU
		{D2C798A0-5805-4968-82E5-26DD2B49C34B}.Release|Any CPU.ActiveCfg = Release|Any CPU
		{D2C798A0-5805-4968-82E5-26DD2B49C34B}.Release|Any CPU.Build.0 = Release|Any CPU
	EndGlobalSection
	GlobalSection(SolutionProperties) = preSolution
		HideSolutionNode = FALSE
	EndGlobalSection
	GlobalSection(ExtensibilityGlobals) = postSolution
		SolutionGuid = {A7528F15-A77D-4621-8CB9-2251978DD91E}
	EndGlobalSection
EndGlobal
